PODS:
  - Firebase (2.5.0)
  - PocketMediaNativeAds (1.0.1)

DEPENDENCIES:
  - Firebase (= 2.5.0)
  - PocketMediaNativeAds (from `https://github.com/Pocketbrain/nativeadslib-ios.git`, branch `feature/mopub`)

EXTERNAL SOURCES:
  PocketMediaNativeAds:
    :branch: feature/mopub
    :git: https://github.com/Pocketbrain/nativeadslib-ios.git

CHECKOUT OPTIONS:
  PocketMediaNativeAds:
    :commit: b36f4d4056b4c9a42a979bdca3005d35e8d02a7f
    :git: https://github.com/Pocketbrain/nativeadslib-ios.git

SPEC CHECKSUMS:
  Firebase: 744617c0733b45198f9486ebd5cac64ec2d10d79
  PocketMediaNativeAds: 6465601b40bcdabdd5aee7e449afa88e98863d60

PODFILE CHECKSUM: 69ff4bb89541006c3ad040fcdba90a6a5d462c07

COCOAPODS: 1.2.1.beta.1
