// !$*UTF8*$!
{
	archiveVersion = 1;
	classes = {
	};
	objectVersion = 47;
	objects = {

/* Begin PBXBuildFile section */
		4F8219F707E687C004248DF1 /* libPods-HackerNewsTests.a in Frameworks */ = {isa = PBXBuildFile; fileRef = 968F53F3E2A631FD683B394F /* libPods-HackerNewsTests.a */; };
		98F2FC9208B97EF48EA94F5C /* libPods-HackerNews.a in Frameworks */ = {isa = PBXBuildFile; fileRef = A6179244E1E7A250286CCF78 /* libPods-HackerNews.a */; };
		A639CD2397C7DD8F920991EF /* libPods-HackerNewsUITests.a in Frameworks */ = {isa = PBXBuildFile; fileRef = 192727F69DBDD660CDA8204C /* libPods-HackerNewsUITests.a */; };
		D7229DF8193EB2C2008F661B /* Images.xcassets in Resources */ = {isa = PBXBuildFile; fileRef = D74A035F193DA4F500F01247 /* Images.xcassets */; };
		D74A0359193DA4F500F01247 /* AppDelegate.swift in Sources */ = {isa = PBXBuildFile; fileRef = D74A0358193DA4F500F01247 /* AppDelegate.swift */; };
		D74A035E193DA4F500F01247 /* Main.storyboard in Resources */ = {isa = PBXBuildFile; fileRef = D74A035C193DA4F500F01247 /* Main.storyboard */; };
		D74A036C193DA4F600F01247 /* HackerNewsTests.swift in Sources */ = {isa = PBXBuildFile; fileRef = D74A036B193DA4F600F01247 /* HackerNewsTests.swift */; };
		D74A0376193DA50800F01247 /* MainViewController.swift in Sources */ = {isa = PBXBuildFile; fileRef = D74A0375193DA50800F01247 /* MainViewController.swift */; };
		D7E162041948499C00AC4298 /* HairlineView.swift in Sources */ = {isa = PBXBuildFile; fileRef = D7E162031948499C00AC4298 /* HairlineView.swift */; };
		D7EF90AA1B6C617F00EB6915 /* HackerNewsUITests.swift in Sources */ = {isa = PBXBuildFile; fileRef = D7EF90A91B6C617F00EB6915 /* HackerNewsUITests.swift */; };
/* End PBXBuildFile section */

/* Begin PBXContainerItemProxy section */
		D74A0366193DA4F600F01247 /* PBXContainerItemProxy */ = {
			isa = PBXContainerItemProxy;
			containerPortal = D74A034B193DA4F500F01247 /* Project object */;
			proxyType = 1;
			remoteGlobalIDString = D74A0352193DA4F500F01247;
			remoteInfo = HackerNews;
		};
		D7EF90AC1B6C617F00EB6915 /* PBXContainerItemProxy */ = {
			isa = PBXContainerItemProxy;
			containerPortal = D74A034B193DA4F500F01247 /* Project object */;
			proxyType = 1;
			remoteGlobalIDString = D74A0352193DA4F500F01247;
			remoteInfo = HackerNews;
		};
/* End PBXContainerItemProxy section */

/* Begin PBXFileReference section */
		0B5CABD8DC255E1769BB0358 /* Pods-HackerNewsUITests.debug.xcconfig */ = {isa = PBXFileReference; includeInIndex = 1; lastKnownFileType = text.xcconfig; name = "Pods-HackerNewsUITests.debug.xcconfig"; path = "Pods/Target Support Files/Pods-HackerNewsUITests/Pods-HackerNewsUITests.debug.xcconfig"; sourceTree = "<group>"; };
		192727F69DBDD660CDA8204C /* libPods-HackerNewsUITests.a */ = {isa = PBXFileReference; explicitFileType = archive.ar; includeInIndex = 0; path = "libPods-HackerNewsUITests.a"; sourceTree = BUILT_PRODUCTS_DIR; };
		39662C2708ADAE016DA5A828 /* Pods-HackerNewsTests.debug.xcconfig */ = {isa = PBXFileReference; includeInIndex = 1; lastKnownFileType = text.xcconfig; name = "Pods-HackerNewsTests.debug.xcconfig"; path = "Pods/Target Support Files/Pods-HackerNewsTests/Pods-HackerNewsTests.debug.xcconfig"; sourceTree = "<group>"; };
		9551B3E2F84C01B4BD8E4362 /* Pods-HackerNews.debug.xcconfig */ = {isa = PBXFileReference; includeInIndex = 1; lastKnownFileType = text.xcconfig; name = "Pods-HackerNews.debug.xcconfig"; path = "Pods/Target Support Files/Pods-HackerNews/Pods-HackerNews.debug.xcconfig"; sourceTree = "<group>"; };
		968F53F3E2A631FD683B394F /* libPods-HackerNewsTests.a */ = {isa = PBXFileReference; explicitFileType = archive.ar; includeInIndex = 0; path = "libPods-HackerNewsTests.a"; sourceTree = BUILT_PRODUCTS_DIR; };
		A6179244E1E7A250286CCF78 /* libPods-HackerNews.a */ = {isa = PBXFileReference; explicitFileType = archive.ar; includeInIndex = 0; path = "libPods-HackerNews.a"; sourceTree = BUILT_PRODUCTS_DIR; };
		A6DF7E9167DA8234327BD2B4 /* Pods-HackerNewsUITests.release.xcconfig */ = {isa = PBXFileReference; includeInIndex = 1; lastKnownFileType = text.xcconfig; name = "Pods-HackerNewsUITests.release.xcconfig"; path = "Pods/Target Support Files/Pods-HackerNewsUITests/Pods-HackerNewsUITests.release.xcconfig"; sourceTree = "<group>"; };
		B84E16FC9C96879C64AC2254 /* Pods-HackerNews.release.xcconfig */ = {isa = PBXFileReference; includeInIndex = 1; lastKnownFileType = text.xcconfig; name = "Pods-HackerNews.release.xcconfig"; path = "Pods/Target Support Files/Pods-HackerNews/Pods-HackerNews.release.xcconfig"; sourceTree = "<group>"; };
		CDADB96A77180BC65D64FC00 /* Pods-HackerNewsTests.release.xcconfig */ = {isa = PBXFileReference; includeInIndex = 1; lastKnownFileType = text.xcconfig; name = "Pods-HackerNewsTests.release.xcconfig"; path = "Pods/Target Support Files/Pods-HackerNewsTests/Pods-HackerNewsTests.release.xcconfig"; sourceTree = "<group>"; };
		D71CA51D194698BC006DE243 /* HackerNews-Bridging-Header.h */ = {isa = PBXFileReference; lastKnownFileType = sourcecode.c.h; path = "HackerNews-Bridging-Header.h"; sourceTree = "<group>"; };
		D74A0353193DA4F500F01247 /* HackerNews.app */ = {isa = PBXFileReference; explicitFileType = wrapper.application; includeInIndex = 0; path = HackerNews.app; sourceTree = BUILT_PRODUCTS_DIR; };
		D74A0357193DA4F500F01247 /* Info.plist */ = {isa = PBXFileReference; lastKnownFileType = text.plist.xml; path = Info.plist; sourceTree = "<group>"; };
		D74A0358193DA4F500F01247 /* AppDelegate.swift */ = {isa = PBXFileReference; lastKnownFileType = sourcecode.swift; path = AppDelegate.swift; sourceTree = "<group>"; };
		D74A035D193DA4F500F01247 /* Base */ = {isa = PBXFileReference; lastKnownFileType = file.storyboard; name = Base; path = Base.lproj/Main.storyboard; sourceTree = "<group>"; };
		D74A035F193DA4F500F01247 /* Images.xcassets */ = {isa = PBXFileReference; lastKnownFileType = folder.assetcatalog; path = Images.xcassets; sourceTree = "<group>"; };
		D74A0365193DA4F600F01247 /* HackerNewsTests.xctest */ = {isa = PBXFileReference; explicitFileType = wrapper.cfbundle; includeInIndex = 0; path = HackerNewsTests.xctest; sourceTree = BUILT_PRODUCTS_DIR; };
		D74A036A193DA4F600F01247 /* Info.plist */ = {isa = PBXFileReference; lastKnownFileType = text.plist.xml; path = Info.plist; sourceTree = "<group>"; };
		D74A036B193DA4F600F01247 /* HackerNewsTests.swift */ = {isa = PBXFileReference; lastKnownFileType = sourcecode.swift; path = HackerNewsTests.swift; sourceTree = "<group>"; };
		D74A0375193DA50800F01247 /* MainViewController.swift */ = {isa = PBXFileReference; fileEncoding = 4; lastKnownFileType = sourcecode.swift; path = MainViewController.swift; sourceTree = "<group>"; };
		D7E162031948499C00AC4298 /* HairlineView.swift */ = {isa = PBXFileReference; fileEncoding = 4; lastKnownFileType = sourcecode.swift; path = HairlineView.swift; sourceTree = "<group>"; };
		D7EF90A71B6C617F00EB6915 /* HackerNewsUITests.xctest */ = {isa = PBXFileReference; explicitFileType = wrapper.cfbundle; includeInIndex = 0; path = HackerNewsUITests.xctest; sourceTree = BUILT_PRODUCTS_DIR; };
		D7EF90A91B6C617F00EB6915 /* HackerNewsUITests.swift */ = {isa = PBXFileReference; lastKnownFileType = sourcecode.swift; path = HackerNewsUITests.swift; sourceTree = "<group>"; };
		D7EF90AB1B6C617F00EB6915 /* Info.plist */ = {isa = PBXFileReference; lastKnownFileType = text.plist.xml; path = Info.plist; sourceTree = "<group>"; };
/* End PBXFileReference section */

/* Begin PBXFrameworksBuildPhase section */
		D74A0350193DA4F500F01247 /* Frameworks */ = {
			isa = PBXFrameworksBuildPhase;
			buildActionMask = 2147483647;
			files = (
				98F2FC9208B97EF48EA94F5C /* libPods-HackerNews.a in Frameworks */,
			);
			runOnlyForDeploymentPostprocessing = 0;
		};
		D74A0362193DA4F600F01247 /* Frameworks */ = {
			isa = PBXFrameworksBuildPhase;
			buildActionMask = 2147483647;
			files = (
				4F8219F707E687C004248DF1 /* libPods-HackerNewsTests.a in Frameworks */,
			);
			runOnlyForDeploymentPostprocessing = 0;
		};
		D7EF90A41B6C617F00EB6915 /* Frameworks */ = {
			isa = PBXFrameworksBuildPhase;
			buildActionMask = 2147483647;
			files = (
				A639CD2397C7DD8F920991EF /* libPods-HackerNewsUITests.a in Frameworks */,
			);
			runOnlyForDeploymentPostprocessing = 0;
		};
/* End PBXFrameworksBuildPhase section */

/* Begin PBXGroup section */
		28BDE4D2A6AC24A545906A8F /* Pods */ = {
			isa = PBXGroup;
			children = (
				9551B3E2F84C01B4BD8E4362 /* Pods-HackerNews.debug.xcconfig */,
				B84E16FC9C96879C64AC2254 /* Pods-HackerNews.release.xcconfig */,
				39662C2708ADAE016DA5A828 /* Pods-HackerNewsTests.debug.xcconfig */,
				CDADB96A77180BC65D64FC00 /* Pods-HackerNewsTests.release.xcconfig */,
				0B5CABD8DC255E1769BB0358 /* Pods-HackerNewsUITests.debug.xcconfig */,
				A6DF7E9167DA8234327BD2B4 /* Pods-HackerNewsUITests.release.xcconfig */,
			);
			name = Pods;
			sourceTree = "<group>";
		};
		3B07FA30BCC75CD6EA81C8E9 /* Frameworks */ = {
			isa = PBXGroup;
			children = (
				A6179244E1E7A250286CCF78 /* libPods-HackerNews.a */,
				968F53F3E2A631FD683B394F /* libPods-HackerNewsTests.a */,
				192727F69DBDD660CDA8204C /* libPods-HackerNewsUITests.a */,
			);
			name = Frameworks;
			sourceTree = "<group>";
		};
		D74A034A193DA4F500F01247 = {
			isa = PBXGroup;
			children = (
				D74A0355193DA4F500F01247 /* HackerNews */,
				D74A0368193DA4F600F01247 /* HackerNewsTests */,
				D7EF90A81B6C617F00EB6915 /* HackerNewsUITests */,
				D74A0354193DA4F500F01247 /* Products */,
				28BDE4D2A6AC24A545906A8F /* Pods */,
				3B07FA30BCC75CD6EA81C8E9 /* Frameworks */,
			);
			indentWidth = 2;
			sourceTree = "<group>";
			tabWidth = 2;
		};
		D74A0354193DA4F500F01247 /* Products */ = {
			isa = PBXGroup;
			children = (
				D74A0353193DA4F500F01247 /* HackerNews.app */,
				D74A0365193DA4F600F01247 /* HackerNewsTests.xctest */,
				D7EF90A71B6C617F00EB6915 /* HackerNewsUITests.xctest */,
			);
			name = Products;
			sourceTree = "<group>";
		};
		D74A0355193DA4F500F01247 /* HackerNews */ = {
			isa = PBXGroup;
			children = (
				D74A0358193DA4F500F01247 /* AppDelegate.swift */,
				D74A0375193DA50800F01247 /* MainViewController.swift */,
				D7E162031948499C00AC4298 /* HairlineView.swift */,
				D71CA51D194698BC006DE243 /* HackerNews-Bridging-Header.h */,
				D74A035C193DA4F500F01247 /* Main.storyboard */,
				D74A035F193DA4F500F01247 /* Images.xcassets */,
				D74A0356193DA4F500F01247 /* Supporting Files */,
			);
			path = HackerNews;
			sourceTree = "<group>";
		};
		D74A0356193DA4F500F01247 /* Supporting Files */ = {
			isa = PBXGroup;
			children = (
				D74A0357193DA4F500F01247 /* Info.plist */,
			);
			name = "Supporting Files";
			sourceTree = "<group>";
		};
		D74A0368193DA4F600F01247 /* HackerNewsTests */ = {
			isa = PBXGroup;
			children = (
				D74A036B193DA4F600F01247 /* HackerNewsTests.swift */,
				D74A0369193DA4F600F01247 /* Supporting Files */,
			);
			path = HackerNewsTests;
			sourceTree = "<group>";
		};
		D74A0369193DA4F600F01247 /* Supporting Files */ = {
			isa = PBXGroup;
			children = (
				D74A036A193DA4F600F01247 /* Info.plist */,
			);
			name = "Supporting Files";
			sourceTree = "<group>";
		};
		D7EF90A81B6C617F00EB6915 /* HackerNewsUITests */ = {
			isa = PBXGroup;
			children = (
				D7EF90A91B6C617F00EB6915 /* HackerNewsUITests.swift */,
				D7EF90B11B6C619200EB6915 /* Supporting Files */,
			);
			path = HackerNewsUITests;
			sourceTree = "<group>";
		};
		D7EF90B11B6C619200EB6915 /* Supporting Files */ = {
			isa = PBXGroup;
			children = (
				D7EF90AB1B6C617F00EB6915 /* Info.plist */,
			);
			name = "Supporting Files";
			sourceTree = "<group>";
		};
/* End PBXGroup section */

/* Begin PBXNativeTarget section */
		D74A0352193DA4F500F01247 /* HackerNews */ = {
			isa = PBXNativeTarget;
			buildConfigurationList = D74A036F193DA4F600F01247 /* Build configuration list for PBXNativeTarget "HackerNews" */;
			buildPhases = (
				23B36DD4702EE7C031BF2A86 /* 📦 Check Pods Manifest.lock */,
				D74A034F193DA4F500F01247 /* Sources */,
				D74A0350193DA4F500F01247 /* Frameworks */,
				D74A0351193DA4F500F01247 /* Resources */,
				E649E0F0A245F27646543313 /* 📦 Embed Pods Frameworks */,
				2CD489E7A998054DCD029114 /* 📦 Copy Pods Resources */,
			);
			buildRules = (
			);
			dependencies = (
			);
			name = HackerNews;
			productName = HackerNews;
			productReference = D74A0353193DA4F500F01247 /* HackerNews.app */;
			productType = "com.apple.product-type.application";
		};
		D74A0364193DA4F600F01247 /* HackerNewsTests */ = {
			isa = PBXNativeTarget;
			buildConfigurationList = D74A0372193DA4F600F01247 /* Build configuration list for PBXNativeTarget "HackerNewsTests" */;
			buildPhases = (
				25ECEC59AC32C6EDC014FAB8 /* 📦 Check Pods Manifest.lock */,
				D74A0361193DA4F600F01247 /* Sources */,
				D74A0362193DA4F600F01247 /* Frameworks */,
				D74A0363193DA4F600F01247 /* Resources */,
				1FFE991F90CC111CD0FE9EDA /* 📦 Embed Pods Frameworks */,
				92E674EBF015FC33B307D66C /* 📦 Copy Pods Resources */,
			);
			buildRules = (
			);
			dependencies = (
				D74A0367193DA4F600F01247 /* PBXTargetDependency */,
			);
			name = HackerNewsTests;
			productName = HackerNewsTests;
			productReference = D74A0365193DA4F600F01247 /* HackerNewsTests.xctest */;
			productType = "com.apple.product-type.bundle.unit-test";
		};
		D7EF90A61B6C617F00EB6915 /* HackerNewsUITests */ = {
			isa = PBXNativeTarget;
			buildConfigurationList = D7EF90B01B6C617F00EB6915 /* Build configuration list for PBXNativeTarget "HackerNewsUITests" */;
			buildPhases = (
				71708FAC63CB9F6C090885FF /* 📦 Check Pods Manifest.lock */,
				D7EF90A31B6C617F00EB6915 /* Sources */,
				D7EF90A41B6C617F00EB6915 /* Frameworks */,
				D7EF90A51B6C617F00EB6915 /* Resources */,
				FADDE607A9687B1CFB5A1780 /* 📦 Copy Pods Resources */,
			);
			buildRules = (
			);
			dependencies = (
				D7EF90AD1B6C617F00EB6915 /* PBXTargetDependency */,
			);
			name = HackerNewsUITests;
			productName = HackerNewsUITests;
			productReference = D7EF90A71B6C617F00EB6915 /* HackerNewsUITests.xctest */;
			productType = "com.apple.product-type.bundle.ui-testing";
		};
/* End PBXNativeTarget section */

/* Begin PBXProject section */
		D74A034B193DA4F500F01247 /* Project object */ = {
			isa = PBXProject;
			attributes = {
				LastSwiftUpdateCheck = 0700;
				LastUpgradeCheck = 0700;
				ORGANIZATIONNAME = "Amit Burstein";
				TargetAttributes = {
					D74A0352193DA4F500F01247 = {
						CreatedOnToolsVersion = 6.0;
						DevelopmentTeam = P229S7564Q;
					};
					D74A0364193DA4F600F01247 = {
						CreatedOnToolsVersion = 6.0;
						TestTargetID = D74A0352193DA4F500F01247;
					};
					D7EF90A61B6C617F00EB6915 = {
						CreatedOnToolsVersion = 7.0;
						TestTargetID = D74A0352193DA4F500F01247;
					};
				};
			};
			buildConfigurationList = D74A034E193DA4F500F01247 /* Build configuration list for PBXProject "HackerNews" */;
			compatibilityVersion = "Xcode 6.3";
			developmentRegion = English;
			hasScannedForEncodings = 0;
			knownRegions = (
				en,
				Base,
			);
			mainGroup = D74A034A193DA4F500F01247;
			productRefGroup = D74A0354193DA4F500F01247 /* Products */;
			projectDirPath = "";
			projectRoot = "";
			targets = (
				D74A0352193DA4F500F01247 /* HackerNews */,
				D74A0364193DA4F600F01247 /* HackerNewsTests */,
				D7EF90A61B6C617F00EB6915 /* HackerNewsUITests */,
			);
		};
/* End PBXProject section */

/* Begin PBXResourcesBuildPhase section */
		D74A0351193DA4F500F01247 /* Resources */ = {
			isa = PBXResourcesBuildPhase;
			buildActionMask = 2147483647;
			files = (
				D74A035E193DA4F500F01247 /* Main.storyboard in Resources */,
				D7229DF8193EB2C2008F661B /* Images.xcassets in Resources */,
			);
			runOnlyForDeploymentPostprocessing = 0;
		};
		D74A0363193DA4F600F01247 /* Resources */ = {
			isa = PBXResourcesBuildPhase;
			buildActionMask = 2147483647;
			files = (
			);
			runOnlyForDeploymentPostprocessing = 0;
		};
		D7EF90A51B6C617F00EB6915 /* Resources */ = {
			isa = PBXResourcesBuildPhase;
			buildActionMask = 2147483647;
			files = (
			);
			runOnlyForDeploymentPostprocessing = 0;
		};
/* End PBXResourcesBuildPhase section */

/* Begin PBXShellScriptBuildPhase section */
		1FFE991F90CC111CD0FE9EDA /* 📦 Embed Pods Frameworks */ = {
			isa = PBXShellScriptBuildPhase;
			buildActionMask = 2147483647;
			files = (
			);
			inputPaths = (
			);
			name = "📦 Embed Pods Frameworks";
			outputPaths = (
			);
			runOnlyForDeploymentPostprocessing = 0;
			shellPath = /bin/sh;
			shellScript = "\"${SRCROOT}/Pods/Target Support Files/Pods-HackerNewsTests/Pods-HackerNewsTests-frameworks.sh\"\n";
			showEnvVarsInLog = 0;
		};
		23B36DD4702EE7C031BF2A86 /* 📦 Check Pods Manifest.lock */ = {
			isa = PBXShellScriptBuildPhase;
			buildActionMask = 2147483647;
			files = (
			);
			inputPaths = (
			);
			name = "📦 Check Pods Manifest.lock";
			outputPaths = (
			);
			runOnlyForDeploymentPostprocessing = 0;
			shellPath = /bin/sh;
			shellScript = "diff \"${PODS_ROOT}/../Podfile.lock\" \"${PODS_ROOT}/Manifest.lock\" > /dev/null\nif [[ $? != 0 ]] ; then\n    cat << EOM\nerror: The sandbox is not in sync with the Podfile.lock. Run 'pod install' or update your CocoaPods installation.\nEOM\n    exit 1\nfi\n";
			showEnvVarsInLog = 0;
		};
		25ECEC59AC32C6EDC014FAB8 /* 📦 Check Pods Manifest.lock */ = {
			isa = PBXShellScriptBuildPhase;
			buildActionMask = 2147483647;
			files = (
			);
			inputPaths = (
			);
			name = "📦 Check Pods Manifest.lock";
			outputPaths = (
			);
			runOnlyForDeploymentPostprocessing = 0;
			shellPath = /bin/sh;
			shellScript = "diff \"${PODS_ROOT}/../Podfile.lock\" \"${PODS_ROOT}/Manifest.lock\" > /dev/null\nif [[ $? != 0 ]] ; then\n    cat << EOM\nerror: The sandbox is not in sync with the Podfile.lock. Run 'pod install' or update your CocoaPods installation.\nEOM\n    exit 1\nfi\n";
			showEnvVarsInLog = 0;
		};
		2CD489E7A998054DCD029114 /* 📦 Copy Pods Resources */ = {
			isa = PBXShellScriptBuildPhase;
			buildActionMask = 2147483647;
			files = (
			);
			inputPaths = (
			);
			name = "📦 Copy Pods Resources";
			outputPaths = (
			);
			runOnlyForDeploymentPostprocessing = 0;
			shellPath = /bin/sh;
			shellScript = "\"${SRCROOT}/Pods/Target Support Files/Pods-HackerNews/Pods-HackerNews-resources.sh\"\n";
			showEnvVarsInLog = 0;
		};
		71708FAC63CB9F6C090885FF /* 📦 Check Pods Manifest.lock */ = {
			isa = PBXShellScriptBuildPhase;
			buildActionMask = 2147483647;
			files = (
			);
			inputPaths = (
			);
			name = "📦 Check Pods Manifest.lock";
			outputPaths = (
			);
			runOnlyForDeploymentPostprocessing = 0;
			shellPath = /bin/sh;
			shellScript = "diff \"${PODS_ROOT}/../Podfile.lock\" \"${PODS_ROOT}/Manifest.lock\" > /dev/null\nif [[ $? != 0 ]] ; then\n    cat << EOM\nerror: The sandbox is not in sync with the Podfile.lock. Run 'pod install' or update your CocoaPods installation.\nEOM\n    exit 1\nfi\n";
			showEnvVarsInLog = 0;
		};
		92E674EBF015FC33B307D66C /* 📦 Copy Pods Resources */ = {
			isa = PBXShellScriptBuildPhase;
			buildActionMask = 2147483647;
			files = (
			);
			inputPaths = (
			);
			name = "📦 Copy Pods Resources";
			outputPaths = (
			);
			runOnlyForDeploymentPostprocessing = 0;
			shellPath = /bin/sh;
			shellScript = "\"${SRCROOT}/Pods/Target Support Files/Pods-HackerNewsTests/Pods-HackerNewsTests-resources.sh\"\n";
			showEnvVarsInLog = 0;
		};
		E649E0F0A245F27646543313 /* 📦 Embed Pods Frameworks */ = {
			isa = PBXShellScriptBuildPhase;
			buildActionMask = 2147483647;
			files = (
			);
			inputPaths = (
			);
			name = "📦 Embed Pods Frameworks";
			outputPaths = (
			);
			runOnlyForDeploymentPostprocessing = 0;
			shellPath = /bin/sh;
			shellScript = "\"${SRCROOT}/Pods/Target Support Files/Pods-HackerNews/Pods-HackerNews-frameworks.sh\"\n";
			showEnvVarsInLog = 0;
		};
		FADDE607A9687B1CFB5A1780 /* 📦 Copy Pods Resources */ = {
			isa = PBXShellScriptBuildPhase;
			buildActionMask = 2147483647;
			files = (
			);
			inputPaths = (
			);
			name = "📦 Copy Pods Resources";
			outputPaths = (
			);
			runOnlyForDeploymentPostprocessing = 0;
			shellPath = /bin/sh;
			shellScript = "\"${SRCROOT}/Pods/Target Support Files/Pods-HackerNewsUITests/Pods-HackerNewsUITests-resources.sh\"\n";
			showEnvVarsInLog = 0;
		};
/* End PBXShellScriptBuildPhase section */

/* Begin PBXSourcesBuildPhase section */
		D74A034F193DA4F500F01247 /* Sources */ = {
			isa = PBXSourcesBuildPhase;
			buildActionMask = 2147483647;
			files = (
				D74A0376193DA50800F01247 /* MainViewController.swift in Sources */,
				D74A0359193DA4F500F01247 /* AppDelegate.swift in Sources */,
				D7E162041948499C00AC4298 /* HairlineView.swift in Sources */,
			);
			runOnlyForDeploymentPostprocessing = 0;
		};
		D74A0361193DA4F600F01247 /* Sources */ = {
			isa = PBXSourcesBuildPhase;
			buildActionMask = 2147483647;
			files = (
				D74A036C193DA4F600F01247 /* HackerNewsTests.swift in Sources */,
			);
			runOnlyForDeploymentPostprocessing = 0;
		};
		D7EF90A31B6C617F00EB6915 /* Sources */ = {
			isa = PBXSourcesBuildPhase;
			buildActionMask = 2147483647;
			files = (
				D7EF90AA1B6C617F00EB6915 /* HackerNewsUITests.swift in Sources */,
			);
			runOnlyForDeploymentPostprocessing = 0;
		};
/* End PBXSourcesBuildPhase section */

/* Begin PBXTargetDependency section */
		D74A0367193DA4F600F01247 /* PBXTargetDependency */ = {
			isa = PBXTargetDependency;
			target = D74A0352193DA4F500F01247 /* HackerNews */;
			targetProxy = D74A0366193DA4F600F01247 /* PBXContainerItemProxy */;
		};
		D7EF90AD1B6C617F00EB6915 /* PBXTargetDependency */ = {
			isa = PBXTargetDependency;
			target = D74A0352193DA4F500F01247 /* HackerNews */;
			targetProxy = D7EF90AC1B6C617F00EB6915 /* PBXContainerItemProxy */;
		};
/* End PBXTargetDependency section */

/* Begin PBXVariantGroup section */
		D74A035C193DA4F500F01247 /* Main.storyboard */ = {
			isa = PBXVariantGroup;
			children = (
				D74A035D193DA4F500F01247 /* Base */,
			);
			name = Main.storyboard;
			sourceTree = "<group>";
		};
/* End PBXVariantGroup section */

/* Begin XCBuildConfiguration section */
		D74A036D193DA4F600F01247 /* Debug */ = {
			isa = XCBuildConfiguration;
			buildSettings = {
				ALWAYS_SEARCH_USER_PATHS = NO;
				CLANG_CXX_LANGUAGE_STANDARD = "gnu++0x";
				CLANG_CXX_LIBRARY = "libc++";
				CLANG_ENABLE_MODULES = YES;
				CLANG_ENABLE_OBJC_ARC = YES;
				CLANG_WARN_BOOL_CONVERSION = YES;
				CLANG_WARN_CONSTANT_CONVERSION = YES;
				CLANG_WARN_DIRECT_OBJC_ISA_USAGE = YES_ERROR;
				CLANG_WARN_EMPTY_BODY = YES;
				CLANG_WARN_ENUM_CONVERSION = YES;
				CLANG_WARN_INT_CONVERSION = YES;
				CLANG_WARN_OBJC_ROOT_CLASS = YES_ERROR;
				CLANG_WARN_UNREACHABLE_CODE = YES;
				CLANG_WARN__DUPLICATE_METHOD_MATCH = YES;
				"CODE_SIGN_IDENTITY[sdk=iphoneos*]" = "iPhone Developer";
				COPY_PHASE_STRIP = NO;
				ENABLE_STRICT_OBJC_MSGSEND = YES;
				ENABLE_TESTABILITY = YES;
				GCC_C_LANGUAGE_STANDARD = gnu99;
				GCC_DYNAMIC_NO_PIC = NO;
				GCC_OPTIMIZATION_LEVEL = 0;
				GCC_PREPROCESSOR_DEFINITIONS = (
					"DEBUG=1",
					"$(inherited)",
				);
				GCC_SYMBOLS_PRIVATE_EXTERN = NO;
				GCC_WARN_64_TO_32_BIT_CONVERSION = YES;
				GCC_WARN_ABOUT_RETURN_TYPE = YES_ERROR;
				GCC_WARN_UNDECLARED_SELECTOR = YES;
				GCC_WARN_UNINITIALIZED_AUTOS = YES_AGGRESSIVE;
				GCC_WARN_UNUSED_FUNCTION = YES;
				GCC_WARN_UNUSED_VARIABLE = YES;
				IPHONEOS_DEPLOYMENT_TARGET = 9.1;
				METAL_ENABLE_DEBUG_INFO = YES;
				ONLY_ACTIVE_ARCH = YES;
				SDKROOT = iphoneos;
				SWIFT_OPTIMIZATION_LEVEL = "-Onone";
			};
			name = Debug;
		};
		D74A036E193DA4F600F01247 /* Release */ = {
			isa = XCBuildConfiguration;
			buildSettings = {
				ALWAYS_SEARCH_USER_PATHS = NO;
				CLANG_CXX_LANGUAGE_STANDARD = "gnu++0x";
				CLANG_CXX_LIBRARY = "libc++";
				CLANG_ENABLE_MODULES = YES;
				CLANG_ENABLE_OBJC_ARC = YES;
				CLANG_WARN_BOOL_CONVERSION = YES;
				CLANG_WARN_CONSTANT_CONVERSION = YES;
				CLANG_WARN_DIRECT_OBJC_ISA_USAGE = YES_ERROR;
				CLANG_WARN_EMPTY_BODY = YES;
				CLANG_WARN_ENUM_CONVERSION = YES;
				CLANG_WARN_INT_CONVERSION = YES;
				CLANG_WARN_OBJC_ROOT_CLASS = YES_ERROR;
				CLANG_WARN_UNREACHABLE_CODE = YES;
				CLANG_WARN__DUPLICATE_METHOD_MATCH = YES;
				"CODE_SIGN_IDENTITY[sdk=iphoneos*]" = "iPhone Developer";
				COPY_PHASE_STRIP = YES;
				ENABLE_NS_ASSERTIONS = NO;
				ENABLE_STRICT_OBJC_MSGSEND = YES;
				GCC_C_LANGUAGE_STANDARD = gnu99;
				GCC_WARN_64_TO_32_BIT_CONVERSION = YES;
				GCC_WARN_ABOUT_RETURN_TYPE = YES_ERROR;
				GCC_WARN_UNDECLARED_SELECTOR = YES;
				GCC_WARN_UNINITIALIZED_AUTOS = YES_AGGRESSIVE;
				GCC_WARN_UNUSED_FUNCTION = YES;
				GCC_WARN_UNUSED_VARIABLE = YES;
				IPHONEOS_DEPLOYMENT_TARGET = 9.1;
				METAL_ENABLE_DEBUG_INFO = NO;
				SDKROOT = iphoneos;
				VALIDATE_PRODUCT = YES;
			};
			name = Release;
		};
		D74A0370193DA4F600F01247 /* Debug */ = {
			isa = XCBuildConfiguration;
			baseConfigurationReference = 9551B3E2F84C01B4BD8E4362 /* Pods-HackerNews.debug.xcconfig */;
			buildSettings = {
				ASSETCATALOG_COMPILER_APPICON_NAME = AppIcon;
				ASSETCATALOG_COMPILER_LAUNCHIMAGE_NAME = LaunchImage;
				CODE_SIGN_IDENTITY = "iPhone Developer";
				"CODE_SIGN_IDENTITY[sdk=iphoneos*]" = "iPhone Developer";
				COMPRESS_PNG_FILES = YES;
				INFOPLIST_FILE = HackerNews/Info.plist;
				IPHONEOS_DEPLOYMENT_TARGET = 9.1;
				LD_RUNPATH_SEARCH_PATHS = "$(inherited) @executable_path/Frameworks";
				PRODUCT_BUNDLE_IDENTIFIER = me.amitburst.HackerNewsiOS;
				PRODUCT_NAME = "$(TARGET_NAME)";
				PROVISIONING_PROFILE = "";
				SWIFT_OBJC_BRIDGING_HEADER = "HackerNews/HackerNews-Bridging-Header.h";
				TARGETED_DEVICE_FAMILY = 1;
			};
			name = Debug;
		};
		D74A0371193DA4F600F01247 /* Release */ = {
			isa = XCBuildConfiguration;
			baseConfigurationReference = B84E16FC9C96879C64AC2254 /* Pods-HackerNews.release.xcconfig */;
			buildSettings = {
				ASSETCATALOG_COMPILER_APPICON_NAME = AppIcon;
				ASSETCATALOG_COMPILER_LAUNCHIMAGE_NAME = LaunchImage;
				CODE_SIGN_IDENTITY = "iPhone Developer";
				"CODE_SIGN_IDENTITY[sdk=iphoneos*]" = "iPhone Developer";
				COMPRESS_PNG_FILES = YES;
				INFOPLIST_FILE = HackerNews/Info.plist;
				IPHONEOS_DEPLOYMENT_TARGET = 9.1;
				LD_RUNPATH_SEARCH_PATHS = "$(inherited) @executable_path/Frameworks";
				PRODUCT_BUNDLE_IDENTIFIER = me.amitburst.HackerNewsiOS;
				PRODUCT_NAME = "$(TARGET_NAME)";
				PROVISIONING_PROFILE = "";
				SWIFT_OBJC_BRIDGING_HEADER = "HackerNews/HackerNews-Bridging-Header.h";
				TARGETED_DEVICE_FAMILY = 1;
			};
			name = Release;
		};
		D74A0373193DA4F600F01247 /* Debug */ = {
			isa = XCBuildConfiguration;
			baseConfigurationReference = 39662C2708ADAE016DA5A828 /* Pods-HackerNewsTests.debug.xcconfig */;
			buildSettings = {
				BUNDLE_LOADER = "$(BUILT_PRODUCTS_DIR)/HackerNews.app/HackerNews";
				GCC_PREPROCESSOR_DEFINITIONS = (
					"DEBUG=1",
					"$(inherited)",
				);
				INFOPLIST_FILE = HackerNewsTests/Info.plist;
				LD_RUNPATH_SEARCH_PATHS = "$(inherited) @executable_path/Frameworks @loader_path/Frameworks";
				METAL_ENABLE_DEBUG_INFO = YES;
				PRODUCT_BUNDLE_IDENTIFIER = "me.amitburst.${PRODUCT_NAME:rfc1034identifier}";
				PRODUCT_NAME = "$(TARGET_NAME)";
				TEST_HOST = "$(BUNDLE_LOADER)";
			};
			name = Debug;
		};
		D74A0374193DA4F600F01247 /* Release */ = {
			isa = XCBuildConfiguration;
			baseConfigurationReference = CDADB96A77180BC65D64FC00 /* Pods-HackerNewsTests.release.xcconfig */;
			buildSettings = {
				BUNDLE_LOADER = "$(BUILT_PRODUCTS_DIR)/HackerNews.app/HackerNews";
				INFOPLIST_FILE = HackerNewsTests/Info.plist;
				LD_RUNPATH_SEARCH_PATHS = "$(inherited) @executable_path/Frameworks @loader_path/Frameworks";
				METAL_ENABLE_DEBUG_INFO = NO;
				PRODUCT_BUNDLE_IDENTIFIER = "me.amitburst.${PRODUCT_NAME:rfc1034identifier}";
				PRODUCT_NAME = "$(TARGET_NAME)";
				TEST_HOST = "$(BUNDLE_LOADER)";
			};
			name = Release;
		};
		D7EF90AE1B6C617F00EB6915 /* Debug */ = {
			isa = XCBuildConfiguration;
			baseConfigurationReference = 0B5CABD8DC255E1769BB0358 /* Pods-HackerNewsUITests.debug.xcconfig */;
			buildSettings = {
				DEBUG_INFORMATION_FORMAT = dwarf;
				GCC_NO_COMMON_BLOCKS = YES;
				INFOPLIST_FILE = HackerNewsUITests/Info.plist;
				LD_RUNPATH_SEARCH_PATHS = "$(inherited) @executable_path/Frameworks @loader_path/Frameworks";
				MTL_ENABLE_DEBUG_INFO = YES;
				PRODUCT_BUNDLE_IDENTIFIER = me.amitburst.HackerNewsUITests;
				PRODUCT_NAME = "$(TARGET_NAME)";
				TEST_TARGET_NAME = HackerNews;
				USES_XCTRUNNER = YES;
			};
			name = Debug;
		};
		D7EF90AF1B6C617F00EB6915 /* Release */ = {
			isa = XCBuildConfiguration;
			baseConfigurationReference = A6DF7E9167DA8234327BD2B4 /* Pods-HackerNewsUITests.release.xcconfig */;
			buildSettings = {
				COPY_PHASE_STRIP = NO;
				DEBUG_INFORMATION_FORMAT = "dwarf-with-dsym";
				GCC_NO_COMMON_BLOCKS = YES;
				INFOPLIST_FILE = HackerNewsUITests/Info.plist;
				LD_RUNPATH_SEARCH_PATHS = "$(inherited) @executable_path/Frameworks @loader_path/Frameworks";
				MTL_ENABLE_DEBUG_INFO = NO;
				PRODUCT_BUNDLE_IDENTIFIER = me.amitburst.HackerNewsUITests;
				PRODUCT_NAME = "$(TARGET_NAME)";
				TEST_TARGET_NAME = HackerNews;
				USES_XCTRUNNER = YES;
			};
			name = Release;
		};
/* End XCBuildConfiguration section */

/* Begin XCConfigurationList section */
		D74A034E193DA4F500F01247 /* Build configuration list for PBXProject "HackerNews" */ = {
			isa = XCConfigurationList;
			buildConfigurations = (
				D74A036D193DA4F600F01247 /* Debug */,
				D74A036E193DA4F600F01247 /* Release */,
			);
			defaultConfigurationIsVisible = 0;
			defaultConfigurationName = Release;
		};
		D74A036F193DA4F600F01247 /* Build configuration list for PBXNativeTarget "HackerNews" */ = {
			isa = XCConfigurationList;
			buildConfigurations = (
				D74A0370193DA4F600F01247 /* Debug */,
				D74A0371193DA4F600F01247 /* Release */,
			);
			defaultConfigurationIsVisible = 0;
			defaultConfigurationName = Release;
		};
		D74A0372193DA4F600F01247 /* Build configuration list for PBXNativeTarget "HackerNewsTests" */ = {
			isa = XCConfigurationList;
			buildConfigurations = (
				D74A0373193DA4F600F01247 /* Debug */,
				D74A0374193DA4F600F01247 /* Release */,
			);
			defaultConfigurationIsVisible = 0;
			defaultConfigurationName = Release;
		};
		D7EF90B01B6C617F00EB6915 /* Build configuration list for PBXNativeTarget "HackerNewsUITests" */ = {
			isa = XCConfigurationList;
			buildConfigurations = (
				D7EF90AE1B6C617F00EB6915 /* Debug */,
				D7EF90AF1B6C617F00EB6915 /* Release */,
			);
			defaultConfigurationIsVisible = 0;
			defaultConfigurationName = Release;
		};
/* End XCConfigurationList section */
	};
	rootObject = D74A034B193DA4F500F01247 /* Project object */;
}
